
Microsoft Visual Studio Solution File, Format Version 12.00
# Visual Studio 15
VisualStudioVersion = 15.0.27428.2027
MinimumVisualStudioVersion = 10.0.40219.1
Project("{FAE04EC0-301F-11D3-BF4B-00C04F79EFBC}") = "Tackle", "Tackle\Tackle.csproj", "{E2D8B9A7-E8F6-4265-B9C0-896561A52A11}"
EndProject
Global
	GlobalSection(SolutionConfigurationPlatforms) = preSolution
		Debug|Any CPU = Debug|Any CPU
		Release|Any CPU = Release|Any CPU
	EndGlobalSection
	GlobalSection(ProjectConfigurationPlatforms) = postSolution
		{E2D8B9A7-E8F6-4265-B9C0-896561A52A11}.Debug|Any CPU.ActiveCfg = Debug|Any CPU
		{E2D8B9A7-E8F6-4265-B9C0-896561A52A11}.Debug|Any CPU.Build.0 = Debug|Any CPU
		{E2D8B9A7-E8F6-4265-B9C0-896561A52A11}.Release|Any CPU.ActiveCfg = Release|Any CPU
		{E2D8B9A7-E8F6-4265-B9C0-896561A52A11}.Release|Any CPU.Build.0 = Release|Any CPU
	EndGlobalSection
	GlobalSection(SolutionProperties) = preSolution
		HideSolutionNode = FALSE
	EndGlobalSection
	GlobalSection(ExtensibilityGlobals) = postSolution
		SolutionGuid = {B8464CC4-B029-484C-94E8-6507CEED6450}
	EndGlobalSection
EndGlobal
